
Microsoft Visual Studio Solution File, Format Version 12.00
# Visual Studio 2012
Project("{FAE04EC0-301F-11D3-BF4B-00C04F79EFBC}") = "PiUtinity", "PiUtinity.csproj", "{348485BC-2CBE-4E23-B054-F8EEC3279198}"
EndProject
Global
	GlobalSection(SolutionConfigurationPlatforms) = preSolution
		CD_ROM|Any CPU = CD_ROM|Any CPU
		CD_ROM|x86 = CD_ROM|x86
		Debug|Any CPU = Debug|Any CPU
		Debug|x86 = Debug|x86
		DVD-5|Any CPU = DVD-5|Any CPU
		DVD-5|x86 = DVD-5|x86
		Release|Any CPU = Release|Any CPU
		Release|x86 = Release|x86
		SingleImage|Any CPU = SingleImage|Any CPU
		SingleImage|x86 = SingleImage|x86
	EndGlobalSection
	GlobalSection(ProjectConfigurationPlatforms) = postSolution
		{348485BC-2CBE-4E23-B054-F8EEC3279198}.CD_ROM|Any CPU.ActiveCfg = Release|Any CPU
		{348485BC-2CBE-4E23-B054-F8EEC3279198}.CD_ROM|Any CPU.Build.0 = Release|Any CPU
		{348485BC-2CBE-4E23-B054-F8EEC3279198}.CD_ROM|x86.ActiveCfg = Release|x86
		{348485BC-2CBE-4E23-B054-F8EEC3279198}.CD_ROM|x86.Build.0 = Release|x86
		{348485BC-2CBE-4E23-B054-F8EEC3279198}.Debug|Any CPU.ActiveCfg = Debug|Any CPU
		{348485BC-2CBE-4E23-B054-F8EEC3279198}.Debug|Any CPU.Build.0 = Debug|Any CPU
		{348485BC-2CBE-4E23-B054-F8EEC3279198}.Debug|x86.ActiveCfg = Debug|x86
		{348485BC-2CBE-4E23-B054-F8EEC3279198}.Debug|x86.Build.0 = Debug|x86
		{348485BC-2CBE-4E23-B054-F8EEC3279198}.DVD-5|Any CPU.ActiveCfg = Debug|Any CPU
		{348485BC-2CBE-4E23-B054-F8EEC3279198}.DVD-5|Any CPU.Build.0 = Debug|Any CPU
		{348485BC-2CBE-4E23-B054-F8EEC3279198}.DVD-5|x86.ActiveCfg = Debug|x86
		{348485BC-2CBE-4E23-B054-F8EEC3279198}.DVD-5|x86.Build.0 = Debug|x86
		{348485BC-2CBE-4E23-B054-F8EEC3279198}.Release|Any CPU.ActiveCfg = Release|Any CPU
		{348485BC-2CBE-4E23-B054-F8EEC3279198}.Release|Any CPU.Build.0 = Release|Any CPU
		{348485BC-2CBE-4E23-B054-F8EEC3279198}.Release|x86.ActiveCfg = Release|x86
		{348485BC-2CBE-4E23-B054-F8EEC3279198}.Release|x86.Build.0 = Release|x86
		{348485BC-2CBE-4E23-B054-F8EEC3279198}.SingleImage|Any CPU.ActiveCfg = Release|Any CPU
		{348485BC-2CBE-4E23-B054-F8EEC3279198}.SingleImage|Any CPU.Build.0 = Release|Any CPU
		{348485BC-2CBE-4E23-B054-F8EEC3279198}.SingleImage|x86.ActiveCfg = Release|x86
		{348485BC-2CBE-4E23-B054-F8EEC3279198}.SingleImage|x86.Build.0 = Release|x86
	EndGlobalSection
	GlobalSection(SolutionProperties) = preSolution
		HideSolutionNode = FALSE
	EndGlobalSection
EndGlobal
